
Microsoft Visual Studio Solution File, Format Version 12.00
# Visual Studio Version 16
VisualStudioVersion = 16.0.31112.23
MinimumVisualStudioVersion = 10.0.40219.1
Project("{FAE04EC0-301F-11D3-BF4B-00C04F79EFBC}") = "Mnemopic", "Mnemopic.csproj", "{B582807C-5D39-4A7E-9188-35F9B637738A}"
EndProject
Project("{FAE04EC0-301F-11D3-BF4B-00C04F79EFBC}") = "Mnemopic.Borders", "..\Mnemopic.Borders\Mnemopic.Borders.csproj", "{BA92E5C1-CF13-42AF-AC9A-7FBB55F19108}"
EndProject
Global
	GlobalSection(SolutionConfigurationPlatforms) = preSolution
		Debug|Any CPU = Debug|Any CPU
		Release|Any CPU = Release|Any CPU
	EndGlobalSection
	GlobalSection(ProjectConfigurationPlatforms) = postSolution
		{B582807C-5D39-4A7E-9188-35F9B637738A}.Debug|Any CPU.ActiveCfg = Debug|Any CPU
		{B582807C-5D39-4A7E-9188-35F9B637738A}.Debug|Any CPU.Build.0 = Debug|Any CPU
		{B582807C-5D39-4A7E-9188-35F9B637738A}.Release|Any CPU.ActiveCfg = Release|Any CPU
		{B582807C-5D39-4A7E-9188-35F9B637738A}.Release|Any CPU.Build.0 = Release|Any CPU
		{BA92E5C1-CF13-42AF-AC9A-7FBB55F19108}.Debug|Any CPU.ActiveCfg = Debug|Any CPU
		{BA92E5C1-CF13-42AF-AC9A-7FBB55F19108}.Debug|Any CPU.Build.0 = Debug|Any CPU
		{BA92E5C1-CF13-42AF-AC9A-7FBB55F19108}.Release|Any CPU.ActiveCfg = Release|Any CPU
		{BA92E5C1-CF13-42AF-AC9A-7FBB55F19108}.Release|Any CPU.Build.0 = Release|Any CPU
	EndGlobalSection
	GlobalSection(SolutionProperties) = preSolution
		HideSolutionNode = FALSE
	EndGlobalSection
	GlobalSection(ExtensibilityGlobals) = postSolution
		SolutionGuid = {046A6A5C-F6E4-4841-887B-75E8712B0B6F}
	EndGlobalSection
EndGlobal
